
Microsoft Visual Studio Solution File, Format Version 12.00
# Visual Studio 15
VisualStudioVersion = 15.0.27428.2002
MinimumVisualStudioVersion = 10.0.40219.1
Project("{FAE04EC0-301F-11D3-BF4B-00C04F79EFBC}") = "Inheritance", "Inheritance\Inheritance.csproj", "{1D4CF5B2-5911-4965-A6EA-048275F728F8}"
EndProject
Global
	GlobalSection(SolutionConfigurationPlatforms) = preSolution
		Debug|Any CPU = Debug|Any CPU
		Release|Any CPU = Release|Any CPU
	EndGlobalSection
	GlobalSection(ProjectConfigurationPlatforms) = postSolution
		{1D4CF5B2-5911-4965-A6EA-048275F728F8}.Debug|Any CPU.ActiveCfg = Debug|Any CPU
		{1D4CF5B2-5911-4965-A6EA-048275F728F8}.Debug|Any CPU.Build.0 = Debug|Any CPU
		{1D4CF5B2-5911-4965-A6EA-048275F728F8}.Release|Any CPU.ActiveCfg = Release|Any CPU
		{1D4CF5B2-5911-4965-A6EA-048275F728F8}.Release|Any CPU.Build.0 = Release|Any CPU
	EndGlobalSection
	GlobalSection(SolutionProperties) = preSolution
		HideSolutionNode = FALSE
	EndGlobalSection
	GlobalSection(ExtensibilityGlobals) = postSolution
		SolutionGuid = {13DC2DDB-8805-4F94-8E9F-63D60551988B}
	EndGlobalSection
EndGlobal
